
Microsoft Visual Studio Solution File, Format Version 12.00
# Visual Studio Version 17
VisualStudioVersion = 17.2.32505.173
MinimumVisualStudioVersion = 10.0.40219.1
Project("{FAE04EC0-301F-11D3-BF4B-00C04F79EFBC}") = "DesignPatterns", "DesignPatterns\DesignPatterns.csproj", "{1D21E995-D70C-4561-8E21-150CB3B7FBCC}"
EndProject
Project("{2150E333-8FDC-42A3-9474-1A3956D46DE8}") = "Creational", "Creational", "{66AAFB18-3640-4DDF-9C87-A40281F6F090}"
EndProject
Project("{2150E333-8FDC-42A3-9474-1A3956D46DE8}") = "Structural", "Structural", "{A202F54A-6798-4777-86E7-4AEAD515024D}"
EndProject
Project("{2150E333-8FDC-42A3-9474-1A3956D46DE8}") = "Behavioral", "Behavioral", "{34463DDA-704E-40ED-88F4-6715C2467DCD}"
EndProject
Project("{2150E333-8FDC-42A3-9474-1A3956D46DE8}") = "Factory", "Factory", "{2FCCBEF6-340D-4D9B-8F49-876BCBDD85AD}"
EndProject
Project("{2150E333-8FDC-42A3-9474-1A3956D46DE8}") = "Singleton", "Singleton", "{1DFD36C8-7A54-420E-8F60-915FC633CCD3}"
EndProject
Project("{2150E333-8FDC-42A3-9474-1A3956D46DE8}") = "Adapter", "Adapter", "{F2BF667F-A02B-4910-A77B-5F2F5D778E56}"
EndProject
Project("{2150E333-8FDC-42A3-9474-1A3956D46DE8}") = "Command", "Command", "{695B0BD4-881E-41AC-86ED-7EAC251ABCD1}"
EndProject
Project("{2150E333-8FDC-42A3-9474-1A3956D46DE8}") = "Strategy", "Strategy", "{681BC4EA-FC9A-4C7E-AF36-3332B508BFF6}"
EndProject
Project("{2150E333-8FDC-42A3-9474-1A3956D46DE8}") = "Template", "Template", "{3C3F26EE-375A-4263-8D36-EB0D2219C9AB}"
EndProject
Project("{2150E333-8FDC-42A3-9474-1A3956D46DE8}") = "Decorator", "Decorator", "{946D07EF-EA23-4D79-87F4-36D20941A0B8}"
EndProject
Project("{FAE04EC0-301F-11D3-BF4B-00C04F79EFBC}") = "Singleton", "Singleton\Singleton.csproj", "{27F4486B-D102-4487-B999-BD33F47F879E}"
EndProject
Project("{FAE04EC0-301F-11D3-BF4B-00C04F79EFBC}") = "Factory", "Factory\Factory.csproj", "{8D143A21-71E5-402B-8382-F00AFAE47DD5}"
EndProject
Project("{FAE04EC0-301F-11D3-BF4B-00C04F79EFBC}") = "Decorator", "Decorator\Decorator.csproj", "{84F884B8-E9AE-49F6-8398-72929507440B}"
EndProject
Project("{FAE04EC0-301F-11D3-BF4B-00C04F79EFBC}") = "Command", "Command\Command.csproj", "{7DB191FA-3B77-4D89-BB6A-70713B09455C}"
EndProject
Project("{FAE04EC0-301F-11D3-BF4B-00C04F79EFBC}") = "Strategy", "Strategy\Strategy.csproj", "{C551895D-696A-4C35-93F2-7E39D876B1CF}"
EndProject
Project("{FAE04EC0-301F-11D3-BF4B-00C04F79EFBC}") = "Template", "Template\Template.csproj", "{CD7C390B-FD1B-4A57-A53D-D363BBF2F376}"
EndProject
Project("{FAE04EC0-301F-11D3-BF4B-00C04F79EFBC}") = "Adapter", "Adapter\Adapter.csproj", "{7016F9A4-329C-412F-A92A-A30CF663E94E}"
EndProject
Global
	GlobalSection(SolutionConfigurationPlatforms) = preSolution
		Debug|Any CPU = Debug|Any CPU
		Release|Any CPU = Release|Any CPU
	EndGlobalSection
	GlobalSection(ProjectConfigurationPlatforms) = postSolution
		{1D21E995-D70C-4561-8E21-150CB3B7FBCC}.Debug|Any CPU.ActiveCfg = Debug|Any CPU
		{1D21E995-D70C-4561-8E21-150CB3B7FBCC}.Debug|Any CPU.Build.0 = Debug|Any CPU
		{1D21E995-D70C-4561-8E21-150CB3B7FBCC}.Release|Any CPU.ActiveCfg = Release|Any CPU
		{1D21E995-D70C-4561-8E21-150CB3B7FBCC}.Release|Any CPU.Build.0 = Release|Any CPU
		{27F4486B-D102-4487-B999-BD33F47F879E}.Debug|Any CPU.ActiveCfg = Debug|Any CPU
		{27F4486B-D102-4487-B999-BD33F47F879E}.Debug|Any CPU.Build.0 = Debug|Any CPU
		{27F4486B-D102-4487-B999-BD33F47F879E}.Release|Any CPU.ActiveCfg = Release|Any CPU
		{27F4486B-D102-4487-B999-BD33F47F879E}.Release|Any CPU.Build.0 = Release|Any CPU
		{8D143A21-71E5-402B-8382-F00AFAE47DD5}.Debug|Any CPU.ActiveCfg = Debug|Any CPU
		{8D143A21-71E5-402B-8382-F00AFAE47DD5}.Debug|Any CPU.Build.0 = Debug|Any CPU
		{8D143A21-71E5-402B-8382-F00AFAE47DD5}.Release|Any CPU.ActiveCfg = Release|Any CPU
		{8D143A21-71E5-402B-8382-F00AFAE47DD5}.Release|Any CPU.Build.0 = Release|Any CPU
		{84F884B8-E9AE-49F6-8398-72929507440B}.Debug|Any CPU.ActiveCfg = Debug|Any CPU
		{84F884B8-E9AE-49F6-8398-72929507440B}.Debug|Any CPU.Build.0 = Debug|Any CPU
		{84F884B8-E9AE-49F6-8398-72929507440B}.Release|Any CPU.ActiveCfg = Release|Any CPU
		{84F884B8-E9AE-49F6-8398-72929507440B}.Release|Any CPU.Build.0 = Release|Any CPU
		{7DB191FA-3B77-4D89-BB6A-70713B09455C}.Debug|Any CPU.ActiveCfg = Debug|Any CPU
		{7DB191FA-3B77-4D89-BB6A-70713B09455C}.Debug|Any CPU.Build.0 = Debug|Any CPU
		{7DB191FA-3B77-4D89-BB6A-70713B09455C}.Release|Any CPU.ActiveCfg = Release|Any CPU
		{7DB191FA-3B77-4D89-BB6A-70713B09455C}.Release|Any CPU.Build.0 = Release|Any CPU
		{C551895D-696A-4C35-93F2-7E39D876B1CF}.Debug|Any CPU.ActiveCfg = Debug|Any CPU
		{C551895D-696A-4C35-93F2-7E39D876B1CF}.Debug|Any CPU.Build.0 = Debug|Any CPU
		{C551895D-696A-4C35-93F2-7E39D876B1CF}.Release|Any CPU.ActiveCfg = Release|Any CPU
		{C551895D-696A-4C35-93F2-7E39D876B1CF}.Release|Any CPU.Build.0 = Release|Any CPU
		{CD7C390B-FD1B-4A57-A53D-D363BBF2F376}.Debug|Any CPU.ActiveCfg = Debug|Any CPU
		{CD7C390B-FD1B-4A57-A53D-D363BBF2F376}.Debug|Any CPU.Build.0 = Debug|Any CPU
		{CD7C390B-FD1B-4A57-A53D-D363BBF2F376}.Release|Any CPU.ActiveCfg = Release|Any CPU
		{CD7C390B-FD1B-4A57-A53D-D363BBF2F376}.Release|Any CPU.Build.0 = Release|Any CPU
		{7016F9A4-329C-412F-A92A-A30CF663E94E}.Debug|Any CPU.ActiveCfg = Debug|Any CPU
		{7016F9A4-329C-412F-A92A-A30CF663E94E}.Debug|Any CPU.Build.0 = Debug|Any CPU
		{7016F9A4-329C-412F-A92A-A30CF663E94E}.Release|Any CPU.ActiveCfg = Release|Any CPU
		{7016F9A4-329C-412F-A92A-A30CF663E94E}.Release|Any CPU.Build.0 = Release|Any CPU
	EndGlobalSection
	GlobalSection(SolutionProperties) = preSolution
		HideSolutionNode = FALSE
	EndGlobalSection
	GlobalSection(NestedProjects) = preSolution
		{2FCCBEF6-340D-4D9B-8F49-876BCBDD85AD} = {66AAFB18-3640-4DDF-9C87-A40281F6F090}
		{1DFD36C8-7A54-420E-8F60-915FC633CCD3} = {66AAFB18-3640-4DDF-9C87-A40281F6F090}
		{F2BF667F-A02B-4910-A77B-5F2F5D778E56} = {A202F54A-6798-4777-86E7-4AEAD515024D}
		{695B0BD4-881E-41AC-86ED-7EAC251ABCD1} = {34463DDA-704E-40ED-88F4-6715C2467DCD}
		{681BC4EA-FC9A-4C7E-AF36-3332B508BFF6} = {34463DDA-704E-40ED-88F4-6715C2467DCD}
		{3C3F26EE-375A-4263-8D36-EB0D2219C9AB} = {34463DDA-704E-40ED-88F4-6715C2467DCD}
		{946D07EF-EA23-4D79-87F4-36D20941A0B8} = {34463DDA-704E-40ED-88F4-6715C2467DCD}
		{27F4486B-D102-4487-B999-BD33F47F879E} = {1DFD36C8-7A54-420E-8F60-915FC633CCD3}
		{8D143A21-71E5-402B-8382-F00AFAE47DD5} = {2FCCBEF6-340D-4D9B-8F49-876BCBDD85AD}
		{84F884B8-E9AE-49F6-8398-72929507440B} = {946D07EF-EA23-4D79-87F4-36D20941A0B8}
		{7DB191FA-3B77-4D89-BB6A-70713B09455C} = {695B0BD4-881E-41AC-86ED-7EAC251ABCD1}
		{C551895D-696A-4C35-93F2-7E39D876B1CF} = {681BC4EA-FC9A-4C7E-AF36-3332B508BFF6}
		{CD7C390B-FD1B-4A57-A53D-D363BBF2F376} = {3C3F26EE-375A-4263-8D36-EB0D2219C9AB}
		{7016F9A4-329C-412F-A92A-A30CF663E94E} = {F2BF667F-A02B-4910-A77B-5F2F5D778E56}
	EndGlobalSection
	GlobalSection(ExtensibilityGlobals) = postSolution
		SolutionGuid = {85A5DA69-6C01-440D-A211-E027A8C6B38C}
	EndGlobalSection
EndGlobal
